
Microsoft Visual Studio Solution File, Format Version 12.00
# Visual Studio 14
VisualStudioVersion = 14.0.25123.0
MinimumVisualStudioVersion = 10.0.40219.1
Project("{FAE04EC0-301F-11D3-BF4B-00C04F79EFBC}") = "Proxer.Me", "Proxer.Me\Proxer.Me.csproj", "{DCF96BC2-FF8D-4546-A26D-6CBBE21ADFCF}"
EndProject
Global
	GlobalSection(SolutionConfigurationPlatforms) = preSolution
		Debug|ARM = Debug|ARM
		Debug|x64 = Debug|x64
		Debug|x86 = Debug|x86
		Release|ARM = Release|ARM
		Release|x64 = Release|x64
		Release|x86 = Release|x86
	EndGlobalSection
	GlobalSection(ProjectConfigurationPlatforms) = postSolution
		{DCF96BC2-FF8D-4546-A26D-6CBBE21ADFCF}.Debug|ARM.ActiveCfg = Debug|ARM
		{DCF96BC2-FF8D-4546-A26D-6CBBE21ADFCF}.Debug|ARM.Build.0 = Debug|ARM
		{DCF96BC2-FF8D-4546-A26D-6CBBE21ADFCF}.Debug|ARM.Deploy.0 = Debug|ARM
		{DCF96BC2-FF8D-4546-A26D-6CBBE21ADFCF}.Debug|x64.ActiveCfg = Debug|x64
		{DCF96BC2-FF8D-4546-A26D-6CBBE21ADFCF}.Debug|x64.Build.0 = Debug|x64
		{DCF96BC2-FF8D-4546-A26D-6CBBE21ADFCF}.Debug|x64.Deploy.0 = Debug|x64
		{DCF96BC2-FF8D-4546-A26D-6CBBE21ADFCF}.Debug|x86.ActiveCfg = Debug|x86
		{DCF96BC2-FF8D-4546-A26D-6CBBE21ADFCF}.Debug|x86.Build.0 = Debug|x86
		{DCF96BC2-FF8D-4546-A26D-6CBBE21ADFCF}.Debug|x86.Deploy.0 = Debug|x86
		{DCF96BC2-FF8D-4546-A26D-6CBBE21ADFCF}.Release|ARM.ActiveCfg = Release|ARM
		{DCF96BC2-FF8D-4546-A26D-6CBBE21ADFCF}.Release|ARM.Build.0 = Release|ARM
		{DCF96BC2-FF8D-4546-A26D-6CBBE21ADFCF}.Release|ARM.Deploy.0 = Release|ARM
		{DCF96BC2-FF8D-4546-A26D-6CBBE21ADFCF}.Release|x64.ActiveCfg = Release|x64
		{DCF96BC2-FF8D-4546-A26D-6CBBE21ADFCF}.Release|x64.Build.0 = Release|x64
		{DCF96BC2-FF8D-4546-A26D-6CBBE21ADFCF}.Release|x64.Deploy.0 = Release|x64
		{DCF96BC2-FF8D-4546-A26D-6CBBE21ADFCF}.Release|x86.ActiveCfg = Release|x86
		{DCF96BC2-FF8D-4546-A26D-6CBBE21ADFCF}.Release|x86.Build.0 = Release|x86
		{DCF96BC2-FF8D-4546-A26D-6CBBE21ADFCF}.Release|x86.Deploy.0 = Release|x86
	EndGlobalSection
	GlobalSection(SolutionProperties) = preSolution
		HideSolutionNode = FALSE
	EndGlobalSection
EndGlobal
