
Microsoft Visual Studio Solution File, Format Version 12.00
# Visual Studio 14
VisualStudioVersion = 14.0.25420.1
MinimumVisualStudioVersion = 10.0.40219.1
Project("{FAE04EC0-301F-11D3-BF4B-00C04F79EFBC}") = "Proxer.Me.Api", "Proxer.Me.Api\Proxer.Me.Api.csproj", "{DC76B1DC-26F2-4D8D-A261-EF4EA9AF6A3A}"
EndProject
Project("{FAE04EC0-301F-11D3-BF4B-00C04F79EFBC}") = "Proxer.Me.UWP", "Proxer.Me.UWP\Proxer.Me.UWP.csproj", "{F08D70CD-1EE9-4CED-8595-1CAEB290478D}"
EndProject
Project("{FAE04EC0-301F-11D3-BF4B-00C04F79EFBC}") = "Proxer.Me.Controls", "Proxer.Me.Controls\Proxer.Me.Controls.csproj", "{B7818268-1BE7-4874-8E13-C53C80212DA3}"
EndProject
Project("{FAE04EC0-301F-11D3-BF4B-00C04F79EFBC}") = "Proxer.Me.Support", "Proxer.Me.Support\Proxer.Me.Support.csproj", "{FB865FAD-345F-40F6-B301-30ABB34B0C7B}"
EndProject
Project("{FAE04EC0-301F-11D3-BF4B-00C04F79EFBC}") = "Proxer.Me.Resources", "Proxer.Me.Resources\Proxer.Me.Resources.csproj", "{F6484491-8AD4-4E24-863F-33598E28826B}"
EndProject
Global
	GlobalSection(SolutionConfigurationPlatforms) = preSolution
		Debug|Any CPU = Debug|Any CPU
		Debug|ARM = Debug|ARM
		Debug|x64 = Debug|x64
		Debug|x86 = Debug|x86
		Release|Any CPU = Release|Any CPU
		Release|ARM = Release|ARM
		Release|x64 = Release|x64
		Release|x86 = Release|x86
	EndGlobalSection
	GlobalSection(ProjectConfigurationPlatforms) = postSolution
		{DC76B1DC-26F2-4D8D-A261-EF4EA9AF6A3A}.Debug|Any CPU.ActiveCfg = Debug|Any CPU
		{DC76B1DC-26F2-4D8D-A261-EF4EA9AF6A3A}.Debug|Any CPU.Build.0 = Debug|Any CPU
		{DC76B1DC-26F2-4D8D-A261-EF4EA9AF6A3A}.Debug|ARM.ActiveCfg = Debug|ARM
		{DC76B1DC-26F2-4D8D-A261-EF4EA9AF6A3A}.Debug|ARM.Build.0 = Debug|ARM
		{DC76B1DC-26F2-4D8D-A261-EF4EA9AF6A3A}.Debug|x64.ActiveCfg = Debug|x64
		{DC76B1DC-26F2-4D8D-A261-EF4EA9AF6A3A}.Debug|x64.Build.0 = Debug|x64
		{DC76B1DC-26F2-4D8D-A261-EF4EA9AF6A3A}.Debug|x86.ActiveCfg = Debug|x86
		{DC76B1DC-26F2-4D8D-A261-EF4EA9AF6A3A}.Debug|x86.Build.0 = Debug|x86
		{DC76B1DC-26F2-4D8D-A261-EF4EA9AF6A3A}.Release|Any CPU.ActiveCfg = Release|Any CPU
		{DC76B1DC-26F2-4D8D-A261-EF4EA9AF6A3A}.Release|Any CPU.Build.0 = Release|Any CPU
		{DC76B1DC-26F2-4D8D-A261-EF4EA9AF6A3A}.Release|ARM.ActiveCfg = Release|ARM
		{DC76B1DC-26F2-4D8D-A261-EF4EA9AF6A3A}.Release|ARM.Build.0 = Release|ARM
		{DC76B1DC-26F2-4D8D-A261-EF4EA9AF6A3A}.Release|x64.ActiveCfg = Release|x64
		{DC76B1DC-26F2-4D8D-A261-EF4EA9AF6A3A}.Release|x64.Build.0 = Release|x64
		{DC76B1DC-26F2-4D8D-A261-EF4EA9AF6A3A}.Release|x86.ActiveCfg = Release|x86
		{DC76B1DC-26F2-4D8D-A261-EF4EA9AF6A3A}.Release|x86.Build.0 = Release|x86
		{F08D70CD-1EE9-4CED-8595-1CAEB290478D}.Debug|Any CPU.ActiveCfg = Debug|x86
		{F08D70CD-1EE9-4CED-8595-1CAEB290478D}.Debug|Any CPU.Build.0 = Debug|x86
		{F08D70CD-1EE9-4CED-8595-1CAEB290478D}.Debug|Any CPU.Deploy.0 = Debug|x86
		{F08D70CD-1EE9-4CED-8595-1CAEB290478D}.Debug|ARM.ActiveCfg = Debug|ARM
		{F08D70CD-1EE9-4CED-8595-1CAEB290478D}.Debug|ARM.Build.0 = Debug|ARM
		{F08D70CD-1EE9-4CED-8595-1CAEB290478D}.Debug|ARM.Deploy.0 = Debug|ARM
		{F08D70CD-1EE9-4CED-8595-1CAEB290478D}.Debug|x64.ActiveCfg = Debug|x64
		{F08D70CD-1EE9-4CED-8595-1CAEB290478D}.Debug|x64.Build.0 = Debug|x64
		{F08D70CD-1EE9-4CED-8595-1CAEB290478D}.Debug|x64.Deploy.0 = Debug|x64
		{F08D70CD-1EE9-4CED-8595-1CAEB290478D}.Debug|x86.ActiveCfg = Debug|x86
		{F08D70CD-1EE9-4CED-8595-1CAEB290478D}.Debug|x86.Build.0 = Debug|x86
		{F08D70CD-1EE9-4CED-8595-1CAEB290478D}.Debug|x86.Deploy.0 = Debug|x86
		{F08D70CD-1EE9-4CED-8595-1CAEB290478D}.Release|Any CPU.ActiveCfg = Release|x86
		{F08D70CD-1EE9-4CED-8595-1CAEB290478D}.Release|ARM.ActiveCfg = Release|ARM
		{F08D70CD-1EE9-4CED-8595-1CAEB290478D}.Release|ARM.Build.0 = Release|ARM
		{F08D70CD-1EE9-4CED-8595-1CAEB290478D}.Release|ARM.Deploy.0 = Release|ARM
		{F08D70CD-1EE9-4CED-8595-1CAEB290478D}.Release|x64.ActiveCfg = Release|x64
		{F08D70CD-1EE9-4CED-8595-1CAEB290478D}.Release|x64.Build.0 = Release|x64
		{F08D70CD-1EE9-4CED-8595-1CAEB290478D}.Release|x64.Deploy.0 = Release|x64
		{F08D70CD-1EE9-4CED-8595-1CAEB290478D}.Release|x86.ActiveCfg = Release|x86
		{F08D70CD-1EE9-4CED-8595-1CAEB290478D}.Release|x86.Build.0 = Release|x86
		{F08D70CD-1EE9-4CED-8595-1CAEB290478D}.Release|x86.Deploy.0 = Release|x86
		{B7818268-1BE7-4874-8E13-C53C80212DA3}.Debug|Any CPU.ActiveCfg = Debug|Any CPU
		{B7818268-1BE7-4874-8E13-C53C80212DA3}.Debug|Any CPU.Build.0 = Debug|Any CPU
		{B7818268-1BE7-4874-8E13-C53C80212DA3}.Debug|ARM.ActiveCfg = Debug|ARM
		{B7818268-1BE7-4874-8E13-C53C80212DA3}.Debug|ARM.Build.0 = Debug|ARM
		{B7818268-1BE7-4874-8E13-C53C80212DA3}.Debug|x64.ActiveCfg = Debug|x64
		{B7818268-1BE7-4874-8E13-C53C80212DA3}.Debug|x64.Build.0 = Debug|x64
		{B7818268-1BE7-4874-8E13-C53C80212DA3}.Debug|x86.ActiveCfg = Debug|x86
		{B7818268-1BE7-4874-8E13-C53C80212DA3}.Debug|x86.Build.0 = Debug|x86
		{B7818268-1BE7-4874-8E13-C53C80212DA3}.Release|Any CPU.ActiveCfg = Release|Any CPU
		{B7818268-1BE7-4874-8E13-C53C80212DA3}.Release|Any CPU.Build.0 = Release|Any CPU
		{B7818268-1BE7-4874-8E13-C53C80212DA3}.Release|ARM.ActiveCfg = Release|ARM
		{B7818268-1BE7-4874-8E13-C53C80212DA3}.Release|ARM.Build.0 = Release|ARM
		{B7818268-1BE7-4874-8E13-C53C80212DA3}.Release|x64.ActiveCfg = Release|x64
		{B7818268-1BE7-4874-8E13-C53C80212DA3}.Release|x64.Build.0 = Release|x64
		{B7818268-1BE7-4874-8E13-C53C80212DA3}.Release|x86.ActiveCfg = Release|x86
		{B7818268-1BE7-4874-8E13-C53C80212DA3}.Release|x86.Build.0 = Release|x86
		{FB865FAD-345F-40F6-B301-30ABB34B0C7B}.Debug|Any CPU.ActiveCfg = Debug|Any CPU
		{FB865FAD-345F-40F6-B301-30ABB34B0C7B}.Debug|Any CPU.Build.0 = Debug|Any CPU
		{FB865FAD-345F-40F6-B301-30ABB34B0C7B}.Debug|ARM.ActiveCfg = Debug|ARM
		{FB865FAD-345F-40F6-B301-30ABB34B0C7B}.Debug|ARM.Build.0 = Debug|ARM
		{FB865FAD-345F-40F6-B301-30ABB34B0C7B}.Debug|x64.ActiveCfg = Debug|x64
		{FB865FAD-345F-40F6-B301-30ABB34B0C7B}.Debug|x64.Build.0 = Debug|x64
		{FB865FAD-345F-40F6-B301-30ABB34B0C7B}.Debug|x86.ActiveCfg = Debug|x86
		{FB865FAD-345F-40F6-B301-30ABB34B0C7B}.Debug|x86.Build.0 = Debug|x86
		{FB865FAD-345F-40F6-B301-30ABB34B0C7B}.Release|Any CPU.ActiveCfg = Release|Any CPU
		{FB865FAD-345F-40F6-B301-30ABB34B0C7B}.Release|Any CPU.Build.0 = Release|Any CPU
		{FB865FAD-345F-40F6-B301-30ABB34B0C7B}.Release|ARM.ActiveCfg = Release|ARM
		{FB865FAD-345F-40F6-B301-30ABB34B0C7B}.Release|ARM.Build.0 = Release|ARM
		{FB865FAD-345F-40F6-B301-30ABB34B0C7B}.Release|x64.ActiveCfg = Release|x64
		{FB865FAD-345F-40F6-B301-30ABB34B0C7B}.Release|x64.Build.0 = Release|x64
		{FB865FAD-345F-40F6-B301-30ABB34B0C7B}.Release|x86.ActiveCfg = Release|x86
		{FB865FAD-345F-40F6-B301-30ABB34B0C7B}.Release|x86.Build.0 = Release|x86
		{F6484491-8AD4-4E24-863F-33598E28826B}.Debug|Any CPU.ActiveCfg = Debug|Any CPU
		{F6484491-8AD4-4E24-863F-33598E28826B}.Debug|Any CPU.Build.0 = Debug|Any CPU
		{F6484491-8AD4-4E24-863F-33598E28826B}.Debug|ARM.ActiveCfg = Debug|ARM
		{F6484491-8AD4-4E24-863F-33598E28826B}.Debug|ARM.Build.0 = Debug|ARM
		{F6484491-8AD4-4E24-863F-33598E28826B}.Debug|x64.ActiveCfg = Debug|x64
		{F6484491-8AD4-4E24-863F-33598E28826B}.Debug|x64.Build.0 = Debug|x64
		{F6484491-8AD4-4E24-863F-33598E28826B}.Debug|x86.ActiveCfg = Debug|x86
		{F6484491-8AD4-4E24-863F-33598E28826B}.Debug|x86.Build.0 = Debug|x86
		{F6484491-8AD4-4E24-863F-33598E28826B}.Release|Any CPU.ActiveCfg = Release|Any CPU
		{F6484491-8AD4-4E24-863F-33598E28826B}.Release|Any CPU.Build.0 = Release|Any CPU
		{F6484491-8AD4-4E24-863F-33598E28826B}.Release|ARM.ActiveCfg = Release|ARM
		{F6484491-8AD4-4E24-863F-33598E28826B}.Release|ARM.Build.0 = Release|ARM
		{F6484491-8AD4-4E24-863F-33598E28826B}.Release|x64.ActiveCfg = Release|x64
		{F6484491-8AD4-4E24-863F-33598E28826B}.Release|x64.Build.0 = Release|x64
		{F6484491-8AD4-4E24-863F-33598E28826B}.Release|x86.ActiveCfg = Release|x86
		{F6484491-8AD4-4E24-863F-33598E28826B}.Release|x86.Build.0 = Release|x86
	EndGlobalSection
	GlobalSection(SolutionProperties) = preSolution
		HideSolutionNode = FALSE
	EndGlobalSection
EndGlobal
